
Microsoft Visual Studio Solution File, Format Version 12.00
# Visual Studio Version 16
VisualStudioVersion = 16.0.31005.135
MinimumVisualStudioVersion = 10.0.40219.1
Project("{FAE04EC0-301F-11D3-BF4B-00C04F79EFBC}") = "isimsehirhayvan", "isimsehirhayvan\isimsehirhayvan.csproj", "{AE827D53-A834-4C9D-8516-634494EC6EDA}"
EndProject
Global
	GlobalSection(SolutionConfigurationPlatforms) = preSolution
		Debug|Any CPU = Debug|Any CPU
		Release|Any CPU = Release|Any CPU
	EndGlobalSection
	GlobalSection(ProjectConfigurationPlatforms) = postSolution
		{AE827D53-A834-4C9D-8516-634494EC6EDA}.Debug|Any CPU.ActiveCfg = Debug|Any CPU
		{AE827D53-A834-4C9D-8516-634494EC6EDA}.Debug|Any CPU.Build.0 = Debug|Any CPU
		{AE827D53-A834-4C9D-8516-634494EC6EDA}.Release|Any CPU.ActiveCfg = Release|Any CPU
		{AE827D53-A834-4C9D-8516-634494EC6EDA}.Release|Any CPU.Build.0 = Release|Any CPU
	EndGlobalSection
	GlobalSection(SolutionProperties) = preSolution
		HideSolutionNode = FALSE
	EndGlobalSection
	GlobalSection(ExtensibilityGlobals) = postSolution
		SolutionGuid = {FC512A11-17CB-47EE-B95E-8524045F533B}
	EndGlobalSection
EndGlobal
